
Microsoft Visual Studio Solution File, Format Version 12.00
# Visual Studio Version 16
VisualStudioVersion = 16.0.30114.105
MinimumVisualStudioVersion = 10.0.40219.1
Project("{FAE04EC0-301F-11D3-BF4B-00C04F79EFBC}") = "MyWork", "MyWork.csproj", "{DE149EF5-1613-45D7-A9DB-E3CB080C1FBB}"
EndProject
Global
	GlobalSection(SolutionConfigurationPlatforms) = preSolution
		Debug|Any CPU = Debug|Any CPU
		Release|Any CPU = Release|Any CPU
	EndGlobalSection
	GlobalSection(ProjectConfigurationPlatforms) = postSolution
		{DE149EF5-1613-45D7-A9DB-E3CB080C1FBB}.Debug|Any CPU.ActiveCfg = Debug|Any CPU
		{DE149EF5-1613-45D7-A9DB-E3CB080C1FBB}.Debug|Any CPU.Build.0 = Debug|Any CPU
		{DE149EF5-1613-45D7-A9DB-E3CB080C1FBB}.Release|Any CPU.ActiveCfg = Release|Any CPU
		{DE149EF5-1613-45D7-A9DB-E3CB080C1FBB}.Release|Any CPU.Build.0 = Release|Any CPU
	EndGlobalSection
	GlobalSection(SolutionProperties) = preSolution
		HideSolutionNode = FALSE
	EndGlobalSection
	GlobalSection(ExtensibilityGlobals) = postSolution
		SolutionGuid = {F2A88568-3650-4F2F-BE50-D8490D246314}
	EndGlobalSection
EndGlobal
